
Microsoft Visual Studio Solution File, Format Version 12.00
# Visual Studio 15
VisualStudioVersion = 15.0.27130.2010
MinimumVisualStudioVersion = 10.0.40219.1
Project("{FAE04EC0-301F-11D3-BF4B-00C04F79EFBC}") = "ACLDatabase", "ACLDatabase.csproj", "{D0970B21-46DE-46F1-9D92-364406919D58}"
EndProject
Global
	GlobalSection(SolutionConfigurationPlatforms) = preSolution
		Debug|Any CPU = Debug|Any CPU
		Release|Any CPU = Release|Any CPU
	EndGlobalSection
	GlobalSection(ProjectConfigurationPlatforms) = postSolution
		{D0970B21-46DE-46F1-9D92-364406919D58}.Debug|Any CPU.ActiveCfg = Debug|Any CPU
		{D0970B21-46DE-46F1-9D92-364406919D58}.Debug|Any CPU.Build.0 = Debug|Any CPU
		{D0970B21-46DE-46F1-9D92-364406919D58}.Release|Any CPU.ActiveCfg = Release|Any CPU
		{D0970B21-46DE-46F1-9D92-364406919D58}.Release|Any CPU.Build.0 = Release|Any CPU
	EndGlobalSection
	GlobalSection(SolutionProperties) = preSolution
		HideSolutionNode = FALSE
	EndGlobalSection
	GlobalSection(ExtensibilityGlobals) = postSolution
		SolutionGuid = {D122345E-893A-405F-9F8B-3B91F976BE35}
	EndGlobalSection
EndGlobal
